
Microsoft Visual Studio Solution File, Format Version 12.00
# Visual Studio Version 17
VisualStudioVersion = 17.11.35431.28
MinimumVisualStudioVersion = 10.0.40219.1
Project("{FAE04EC0-301F-11D3-BF4B-00C04F79EFBC}") = "Personal Finance Tracker APIConsume App", "Personal Finance Tracker APIConsume App.csproj", "{CCDBD36C-C86F-4C98-81D8-7C81EA6E296F}"
EndProject
Global
	GlobalSection(SolutionConfigurationPlatforms) = preSolution
		Debug|Any CPU = Debug|Any CPU
		Release|Any CPU = Release|Any CPU
	EndGlobalSection
	GlobalSection(ProjectConfigurationPlatforms) = postSolution
		{CCDBD36C-C86F-4C98-81D8-7C81EA6E296F}.Debug|Any CPU.ActiveCfg = Debug|Any CPU
		{CCDBD36C-C86F-4C98-81D8-7C81EA6E296F}.Debug|Any CPU.Build.0 = Debug|Any CPU
		{CCDBD36C-C86F-4C98-81D8-7C81EA6E296F}.Release|Any CPU.ActiveCfg = Release|Any CPU
		{CCDBD36C-C86F-4C98-81D8-7C81EA6E296F}.Release|Any CPU.Build.0 = Release|Any CPU
	EndGlobalSection
	GlobalSection(SolutionProperties) = preSolution
		HideSolutionNode = FALSE
	EndGlobalSection
	GlobalSection(ExtensibilityGlobals) = postSolution
		SolutionGuid = {82AFEF46-12EF-4302-B935-01D1ACA842A1}
	EndGlobalSection
EndGlobal
